
Microsoft Visual Studio Solution File, Format Version 12.00
# Visual Studio 15
VisualStudioVersion = 15.0.28307.902
MinimumVisualStudioVersion = 10.0.40219.1
Project("{FAE04EC0-301F-11D3-BF4B-00C04F79EFBC}") = "revit-steel-connections", "revit-steel-connections\revit-steel-connections.csproj", "{1226EFEC-0A46-4AF0-906E-1846503894EE}"
EndProject
Global
	GlobalSection(SolutionConfigurationPlatforms) = preSolution
		Debug2016|x64 = Debug2016|x64
		Debug2017|x64 = Debug2017|x64
		Debug2018|x64 = Debug2018|x64
		Debug2019|x64 = Debug2019|x64
		Debug2020|x64 = Debug2020|x64
		Release2016|x64 = Release2016|x64
		Release2017|x64 = Release2017|x64
		Release2018|x64 = Release2018|x64
		Release2019|x64 = Release2019|x64
		Release2020|x64 = Release2020|x64
	EndGlobalSection
	GlobalSection(ProjectConfigurationPlatforms) = postSolution
		{1226EFEC-0A46-4AF0-906E-1846503894EE}.Debug2016|x64.ActiveCfg = Debug2016|x64
		{1226EFEC-0A46-4AF0-906E-1846503894EE}.Debug2016|x64.Build.0 = Debug2016|x64
		{1226EFEC-0A46-4AF0-906E-1846503894EE}.Debug2017|x64.ActiveCfg = Debug2017|x64
		{1226EFEC-0A46-4AF0-906E-1846503894EE}.Debug2017|x64.Build.0 = Debug2017|x64
		{1226EFEC-0A46-4AF0-906E-1846503894EE}.Debug2018|x64.ActiveCfg = Debug2018|x64
		{1226EFEC-0A46-4AF0-906E-1846503894EE}.Debug2018|x64.Build.0 = Debug2018|x64
		{1226EFEC-0A46-4AF0-906E-1846503894EE}.Debug2019|x64.ActiveCfg = Debug2019|x64
		{1226EFEC-0A46-4AF0-906E-1846503894EE}.Debug2019|x64.Build.0 = Debug2019|x64
		{1226EFEC-0A46-4AF0-906E-1846503894EE}.Debug2020|x64.ActiveCfg = Debug2020|x64
		{1226EFEC-0A46-4AF0-906E-1846503894EE}.Debug2020|x64.Build.0 = Debug2020|x64
		{1226EFEC-0A46-4AF0-906E-1846503894EE}.Release2016|x64.ActiveCfg = Release2016|x64
		{1226EFEC-0A46-4AF0-906E-1846503894EE}.Release2016|x64.Build.0 = Release2016|x64
		{1226EFEC-0A46-4AF0-906E-1846503894EE}.Release2017|x64.ActiveCfg = Release2017|x64
		{1226EFEC-0A46-4AF0-906E-1846503894EE}.Release2017|x64.Build.0 = Release2017|x64
		{1226EFEC-0A46-4AF0-906E-1846503894EE}.Release2018|x64.ActiveCfg = Release2018|x64
		{1226EFEC-0A46-4AF0-906E-1846503894EE}.Release2018|x64.Build.0 = Release2018|x64
		{1226EFEC-0A46-4AF0-906E-1846503894EE}.Release2019|x64.ActiveCfg = Release2019|x64
		{1226EFEC-0A46-4AF0-906E-1846503894EE}.Release2019|x64.Build.0 = Release2019|x64
		{1226EFEC-0A46-4AF0-906E-1846503894EE}.Release2020|x64.ActiveCfg = Release2020|x64
		{1226EFEC-0A46-4AF0-906E-1846503894EE}.Release2020|x64.Build.0 = Release2020|x64
	EndGlobalSection
	GlobalSection(SolutionProperties) = preSolution
		HideSolutionNode = FALSE
	EndGlobalSection
	GlobalSection(ExtensibilityGlobals) = postSolution
		SolutionGuid = {B4479C16-9A90-449C-AC4B-18473D8A8945}
	EndGlobalSection
EndGlobal
